
Microsoft Visual Studio Solution File, Format Version 12.00
# Visual Studio Version 17
VisualStudioVersion = 17.4.33213.308
MinimumVisualStudioVersion = 10.0.40219.1
Project("{FAE04EC0-301F-11D3-BF4B-00C04F79EFBC}") = "SchoolHRAdminitration", "SchoolHRAdminitration.csproj", "{2F0C3841-E52B-481F-8310-F42389A76141}"
EndProject
Project("{FAE04EC0-301F-11D3-BF4B-00C04F79EFBC}") = "HRAdministrationAPI", "..\HRAdministrationAPI\HRAdministrationAPI.csproj", "{4E08520C-6643-4808-B2CF-93D4DA68AC87}"
EndProject
Global
	GlobalSection(SolutionConfigurationPlatforms) = preSolution
		Debug|Any CPU = Debug|Any CPU
		Release|Any CPU = Release|Any CPU
	EndGlobalSection
	GlobalSection(ProjectConfigurationPlatforms) = postSolution
		{2F0C3841-E52B-481F-8310-F42389A76141}.Debug|Any CPU.ActiveCfg = Debug|Any CPU
		{2F0C3841-E52B-481F-8310-F42389A76141}.Debug|Any CPU.Build.0 = Debug|Any CPU
		{2F0C3841-E52B-481F-8310-F42389A76141}.Release|Any CPU.ActiveCfg = Release|Any CPU
		{2F0C3841-E52B-481F-8310-F42389A76141}.Release|Any CPU.Build.0 = Release|Any CPU
		{4E08520C-6643-4808-B2CF-93D4DA68AC87}.Debug|Any CPU.ActiveCfg = Debug|Any CPU
		{4E08520C-6643-4808-B2CF-93D4DA68AC87}.Debug|Any CPU.Build.0 = Debug|Any CPU
		{4E08520C-6643-4808-B2CF-93D4DA68AC87}.Release|Any CPU.ActiveCfg = Release|Any CPU
		{4E08520C-6643-4808-B2CF-93D4DA68AC87}.Release|Any CPU.Build.0 = Release|Any CPU
	EndGlobalSection
	GlobalSection(SolutionProperties) = preSolution
		HideSolutionNode = FALSE
	EndGlobalSection
	GlobalSection(ExtensibilityGlobals) = postSolution
		SolutionGuid = {38A8A796-7486-4B27-86B6-28B205F8FC13}
	EndGlobalSection
EndGlobal
